
Microsoft Visual Studio Solution File, Format Version 12.00
# Visual Studio Version 17
VisualStudioVersion = 17.5.33530.505
MinimumVisualStudioVersion = 10.0.40219.1
Project("{FAE04EC0-301F-11D3-BF4B-00C04F79EFBC}") = "PictureViewer", "PictureViewer\PictureViewer.csproj", "{EADEE582-7504-4331-A880-97B1F36879A6}"
EndProject
Global
	GlobalSection(SolutionConfigurationPlatforms) = preSolution
		Debug|Any CPU = Debug|Any CPU
		Release|Any CPU = Release|Any CPU
	EndGlobalSection
	GlobalSection(ProjectConfigurationPlatforms) = postSolution
		{EADEE582-7504-4331-A880-97B1F36879A6}.Debug|Any CPU.ActiveCfg = Debug|Any CPU
		{EADEE582-7504-4331-A880-97B1F36879A6}.Debug|Any CPU.Build.0 = Debug|Any CPU
		{EADEE582-7504-4331-A880-97B1F36879A6}.Release|Any CPU.ActiveCfg = Release|Any CPU
		{EADEE582-7504-4331-A880-97B1F36879A6}.Release|Any CPU.Build.0 = Release|Any CPU
	EndGlobalSection
	GlobalSection(SolutionProperties) = preSolution
		HideSolutionNode = FALSE
	EndGlobalSection
	GlobalSection(ExtensibilityGlobals) = postSolution
		SolutionGuid = {903E6A3A-B748-4215-92F4-6D3CE1E3AA94}
	EndGlobalSection
EndGlobal
